
Microsoft Visual Studio Solution File, Format Version 12.00
# Visual Studio Version 17
VisualStudioVersion = 17.0.31903.59
MinimumVisualStudioVersion = 10.0.40219.1
Project("{2150E333-8FDC-42A3-9474-1A3956D46DE8}") = "src", "src", "{5C09F8CC-3840-4DA3-AB52-F4E9C860915C}"
EndProject
Project("{FAE04EC0-301F-11D3-BF4B-00C04F79EFBC}") = "AkuWM.Core", "src\AkuWM.Core\AkuWM.Core.csproj", "{1E3E95AD-6C92-4CAD-BA24-C2AC7588C7E8}"
EndProject
Project("{FAE04EC0-301F-11D3-BF4B-00C04F79EFBC}") = "AkuWM.Platform", "src\AkuWM.Platform\AkuWM.Platform.csproj", "{1362B89E-BE9D-4837-9AFC-B51395646CD3}"
EndProject
Project("{FAE04EC0-301F-11D3-BF4B-00C04F79EFBC}") = "AkuWM.Cli", "src\AkuWM.Cli\AkuWM.Cli.csproj", "{77EE6DFE-A99C-435B-A19D-4592836EF75E}"
EndProject
Project("{FAE04EC0-301F-11D3-BF4B-00C04F79EFBC}") = "AkuWM.App", "src\AkuWM.App\AkuWM.App.csproj", "{4994D710-871B-4B64-BF75-B8A4EAA53EB4}"
EndProject
Project("{2150E333-8FDC-42A3-9474-1A3956D46DE8}") = "tests", "tests", "{1E17EAA2-FB59-489D-BA3F-0E37A4F5DA83}"
EndProject
Project("{FAE04EC0-301F-11D3-BF4B-00C04F79EFBC}") = "AkuWM.Tests", "tests\AkuWM.Tests\AkuWM.Tests.csproj", "{082BA02E-72E2-4830-9E6D-2F0C9DF9276A}"
EndProject
Project("{FAE04EC0-301F-11D3-BF4B-00C04F79EFBC}") = "AkuWM.Shim", "src\AkuWM.Shim\AkuWM.Shim.csproj", "{0EA4F26D-A1D9-44B5-973A-DD4D98FAFD08}"
EndProject
Global
	GlobalSection(SolutionConfigurationPlatforms) = preSolution
		Debug|Any CPU = Debug|Any CPU
		Release|Any CPU = Release|Any CPU
	EndGlobalSection
	GlobalSection(SolutionProperties) = preSolution
		HideSolutionNode = FALSE
	EndGlobalSection
	GlobalSection(ProjectConfigurationPlatforms) = postSolution
		{1E3E95AD-6C92-4CAD-BA24-C2AC7588C7E8}.Debug|Any CPU.ActiveCfg = Debug|Any CPU
		{1E3E95AD-6C92-4CAD-BA24-C2AC7588C7E8}.Debug|Any CPU.Build.0 = Debug|Any CPU
		{1E3E95AD-6C92-4CAD-BA24-C2AC7588C7E8}.Release|Any CPU.ActiveCfg = Release|Any CPU
		{1E3E95AD-6C92-4CAD-BA24-C2AC7588C7E8}.Release|Any CPU.Build.0 = Release|Any CPU
		{1362B89E-BE9D-4837-9AFC-B51395646CD3}.Debug|Any CPU.ActiveCfg = Debug|Any CPU
		{1362B89E-BE9D-4837-9AFC-B51395646CD3}.Debug|Any CPU.Build.0 = Debug|Any CPU
		{1362B89E-BE9D-4837-9AFC-B51395646CD3}.Release|Any CPU.ActiveCfg = Release|Any CPU
		{1362B89E-BE9D-4837-9AFC-B51395646CD3}.Release|Any CPU.Build.0 = Release|Any CPU
		{77EE6DFE-A99C-435B-A19D-4592836EF75E}.Debug|Any CPU.ActiveCfg = Debug|Any CPU
		{77EE6DFE-A99C-435B-A19D-4592836EF75E}.Debug|Any CPU.Build.0 = Debug|Any CPU
		{77EE6DFE-A99C-435B-A19D-4592836EF75E}.Release|Any CPU.ActiveCfg = Release|Any CPU
		{77EE6DFE-A99C-435B-A19D-4592836EF75E}.Release|Any CPU.Build.0 = Release|Any CPU
		{4994D710-871B-4B64-BF75-B8A4EAA53EB4}.Debug|Any CPU.ActiveCfg = Debug|Any CPU
		{4994D710-871B-4B64-BF75-B8A4EAA53EB4}.Debug|Any CPU.Build.0 = Debug|Any CPU
		{4994D710-871B-4B64-BF75-B8A4EAA53EB4}.Release|Any CPU.ActiveCfg = Release|Any CPU
		{4994D710-871B-4B64-BF75-B8A4EAA53EB4}.Release|Any CPU.Build.0 = Release|Any CPU
		{082BA02E-72E2-4830-9E6D-2F0C9DF9276A}.Debug|Any CPU.ActiveCfg = Debug|Any CPU
		{082BA02E-72E2-4830-9E6D-2F0C9DF9276A}.Debug|Any CPU.Build.0 = Debug|Any CPU
		{082BA02E-72E2-4830-9E6D-2F0C9DF9276A}.Release|Any CPU.ActiveCfg = Release|Any CPU
		{082BA02E-72E2-4830-9E6D-2F0C9DF9276A}.Release|Any CPU.Build.0 = Release|Any CPU
		{0EA4F26D-A1D9-44B5-973A-DD4D98FAFD08}.Debug|Any CPU.ActiveCfg = Debug|Any CPU
		{0EA4F26D-A1D9-44B5-973A-DD4D98FAFD08}.Debug|Any CPU.Build.0 = Debug|Any CPU
		{0EA4F26D-A1D9-44B5-973A-DD4D98FAFD08}.Release|Any CPU.ActiveCfg = Release|Any CPU
		{0EA4F26D-A1D9-44B5-973A-DD4D98FAFD08}.Release|Any CPU.Build.0 = Release|Any CPU
	EndGlobalSection
	GlobalSection(NestedProjects) = preSolution
		{1E3E95AD-6C92-4CAD-BA24-C2AC7588C7E8} = {5C09F8CC-3840-4DA3-AB52-F4E9C860915C}
		{1362B89E-BE9D-4837-9AFC-B51395646CD3} = {5C09F8CC-3840-4DA3-AB52-F4E9C860915C}
		{77EE6DFE-A99C-435B-A19D-4592836EF75E} = {5C09F8CC-3840-4DA3-AB52-F4E9C860915C}
		{4994D710-871B-4B64-BF75-B8A4EAA53EB4} = {5C09F8CC-3840-4DA3-AB52-F4E9C860915C}
		{082BA02E-72E2-4830-9E6D-2F0C9DF9276A} = {1E17EAA2-FB59-489D-BA3F-0E37A4F5DA83}
		{0EA4F26D-A1D9-44B5-973A-DD4D98FAFD08} = {5C09F8CC-3840-4DA3-AB52-F4E9C860915C}
	EndGlobalSection
EndGlobal
